
Microsoft Visual Studio Solution File, Format Version 12.00
# Visual Studio Version 17
VisualStudioVersion = 17.2.32616.157
MinimumVisualStudioVersion = 10.0.40219.1
Project("{9A19103F-16F7-4668-BE54-9A1E7A4F7556}") = "IoTFeeder", "IoTFeeder\IoTFeeder.csproj", "{5E98D915-AEAE-4A44-A8A6-58401EE7B792}"
EndProject
Project("{9A19103F-16F7-4668-BE54-9A1E7A4F7556}") = "IoTFeeder.Common", "IoTFeeder.Common\IoTFeeder.Common.csproj", "{46AE7ED3-9D2C-481A-9DC6-D94E1F8B2428}"
EndProject
Project("{FAE04EC0-301F-11D3-BF4B-00C04F79EFBC}") = "IoTFeeder.Data", "IoTFeeder.Data\IoTFeeder.Data.csproj", "{AA7640F8-5B0D-401C-866C-9CA738A4EC56}"
EndProject
Global
	GlobalSection(SolutionConfigurationPlatforms) = preSolution
		Debug|Any CPU = Debug|Any CPU
		Release|Any CPU = Release|Any CPU
	EndGlobalSection
	GlobalSection(ProjectConfigurationPlatforms) = postSolution
		{5E98D915-AEAE-4A44-A8A6-58401EE7B792}.Debug|Any CPU.ActiveCfg = Debug|Any CPU
		{5E98D915-AEAE-4A44-A8A6-58401EE7B792}.Debug|Any CPU.Build.0 = Debug|Any CPU
		{5E98D915-AEAE-4A44-A8A6-58401EE7B792}.Release|Any CPU.ActiveCfg = Release|Any CPU
		{5E98D915-AEAE-4A44-A8A6-58401EE7B792}.Release|Any CPU.Build.0 = Release|Any CPU
		{46AE7ED3-9D2C-481A-9DC6-D94E1F8B2428}.Debug|Any CPU.ActiveCfg = Debug|Any CPU
		{46AE7ED3-9D2C-481A-9DC6-D94E1F8B2428}.Debug|Any CPU.Build.0 = Debug|Any CPU
		{46AE7ED3-9D2C-481A-9DC6-D94E1F8B2428}.Release|Any CPU.ActiveCfg = Release|Any CPU
		{46AE7ED3-9D2C-481A-9DC6-D94E1F8B2428}.Release|Any CPU.Build.0 = Release|Any CPU
		{AA7640F8-5B0D-401C-866C-9CA738A4EC56}.Debug|Any CPU.ActiveCfg = Debug|Any CPU
		{AA7640F8-5B0D-401C-866C-9CA738A4EC56}.Debug|Any CPU.Build.0 = Debug|Any CPU
		{AA7640F8-5B0D-401C-866C-9CA738A4EC56}.Release|Any CPU.ActiveCfg = Release|Any CPU
		{AA7640F8-5B0D-401C-866C-9CA738A4EC56}.Release|Any CPU.Build.0 = Release|Any CPU
	EndGlobalSection
	GlobalSection(SolutionProperties) = preSolution
		HideSolutionNode = FALSE
	EndGlobalSection
	GlobalSection(ExtensibilityGlobals) = postSolution
		SolutionGuid = {B7762E4B-E6EC-4964-BBED-25980CBBD71F}
	EndGlobalSection
EndGlobal
